
Microsoft Visual Studio Solution File, Format Version 12.00
# Visual Studio Version 16
VisualStudioVersion = 16.0.32630.194
MinimumVisualStudioVersion = 10.0.40219.1
Project("{FAE04EC0-301F-11D3-BF4B-00C04F79EFBC}") = "general formula calculator", "general formula calculator\general formula calculator.csproj", "{4183281D-F039-4A32-906F-2547C15233EC}"
EndProject
Global
	GlobalSection(SolutionConfigurationPlatforms) = preSolution
		Debug|Any CPU = Debug|Any CPU
		Release|Any CPU = Release|Any CPU
	EndGlobalSection
	GlobalSection(ProjectConfigurationPlatforms) = postSolution
		{4183281D-F039-4A32-906F-2547C15233EC}.Debug|Any CPU.ActiveCfg = Debug|Any CPU
		{4183281D-F039-4A32-906F-2547C15233EC}.Debug|Any CPU.Build.0 = Debug|Any CPU
		{4183281D-F039-4A32-906F-2547C15233EC}.Release|Any CPU.ActiveCfg = Release|Any CPU
		{4183281D-F039-4A32-906F-2547C15233EC}.Release|Any CPU.Build.0 = Release|Any CPU
	EndGlobalSection
	GlobalSection(SolutionProperties) = preSolution
		HideSolutionNode = FALSE
	EndGlobalSection
	GlobalSection(ExtensibilityGlobals) = postSolution
		SolutionGuid = {40587F4E-8419-40ED-96BB-E4BCF2027031}
	EndGlobalSection
EndGlobal
